
Microsoft Visual Studio Solution File, Format Version 12.00
# Visual Studio Version 16
VisualStudioVersion = 16.0.31205.134
MinimumVisualStudioVersion = 10.0.40219.1
Project("{FAE04EC0-301F-11D3-BF4B-00C04F79EFBC}") = "soap-client-ws", "soap-client-ws\soap-client-ws.csproj", "{A67A73CD-C83C-4515-9053-72B8FC7734E3}"
EndProject
Global
	GlobalSection(SolutionConfigurationPlatforms) = preSolution
		Debug|Any CPU = Debug|Any CPU
		Release|Any CPU = Release|Any CPU
	EndGlobalSection
	GlobalSection(ProjectConfigurationPlatforms) = postSolution
		{A67A73CD-C83C-4515-9053-72B8FC7734E3}.Debug|Any CPU.ActiveCfg = Debug|Any CPU
		{A67A73CD-C83C-4515-9053-72B8FC7734E3}.Debug|Any CPU.Build.0 = Debug|Any CPU
		{A67A73CD-C83C-4515-9053-72B8FC7734E3}.Release|Any CPU.ActiveCfg = Release|Any CPU
		{A67A73CD-C83C-4515-9053-72B8FC7734E3}.Release|Any CPU.Build.0 = Release|Any CPU
	EndGlobalSection
	GlobalSection(SolutionProperties) = preSolution
		HideSolutionNode = FALSE
	EndGlobalSection
	GlobalSection(ExtensibilityGlobals) = postSolution
		SolutionGuid = {14762025-802B-4F09-9380-6AB903330975}
	EndGlobalSection
EndGlobal
